
Microsoft Visual Studio Solution File, Format Version 12.00
# Visual Studio Version 17
VisualStudioVersion = 17.11.35222.181
MinimumVisualStudioVersion = 10.0.40219.1
Project("{FAE04EC0-301F-11D3-BF4B-00C04F79EFBC}") = "StudentCount", "StudentCount.csproj", "{D43E532F-E7FA-4659-AFF1-3B5CC58B634B}"
EndProject
Global
	GlobalSection(SolutionConfigurationPlatforms) = preSolution
		Debug|Any CPU = Debug|Any CPU
		Release|Any CPU = Release|Any CPU
	EndGlobalSection
	GlobalSection(ProjectConfigurationPlatforms) = postSolution
		{D43E532F-E7FA-4659-AFF1-3B5CC58B634B}.Debug|Any CPU.ActiveCfg = Debug|Any CPU
		{D43E532F-E7FA-4659-AFF1-3B5CC58B634B}.Debug|Any CPU.Build.0 = Debug|Any CPU
		{D43E532F-E7FA-4659-AFF1-3B5CC58B634B}.Release|Any CPU.ActiveCfg = Release|Any CPU
		{D43E532F-E7FA-4659-AFF1-3B5CC58B634B}.Release|Any CPU.Build.0 = Release|Any CPU
	EndGlobalSection
	GlobalSection(SolutionProperties) = preSolution
		HideSolutionNode = FALSE
	EndGlobalSection
	GlobalSection(ExtensibilityGlobals) = postSolution
		SolutionGuid = {495D38F7-4F6D-487D-AB28-A818389B01AF}
	EndGlobalSection
EndGlobal
